
Microsoft Visual Studio Solution File, Format Version 12.00
# Visual Studio Version 17
VisualStudioVersion = 17.4.33213.308
MinimumVisualStudioVersion = 10.0.40219.1
Project("{FAE04EC0-301F-11D3-BF4B-00C04F79EFBC}") = "InMemoryCaching", "InMemoryCaching\InMemoryCaching.csproj", "{0AB08127-CC6F-430C-8CBB-1D46D829C06E}"
EndProject
Project("{FAE04EC0-301F-11D3-BF4B-00C04F79EFBC}") = "DistributedCaching", "DistributedCaching\DistributedCaching.csproj", "{F10CCBAA-F80F-4850-8918-D9DC7D02DC60}"
EndProject
Global
	GlobalSection(SolutionConfigurationPlatforms) = preSolution
		Debug|Any CPU = Debug|Any CPU
		Release|Any CPU = Release|Any CPU
	EndGlobalSection
	GlobalSection(ProjectConfigurationPlatforms) = postSolution
		{0AB08127-CC6F-430C-8CBB-1D46D829C06E}.Debug|Any CPU.ActiveCfg = Debug|Any CPU
		{0AB08127-CC6F-430C-8CBB-1D46D829C06E}.Debug|Any CPU.Build.0 = Debug|Any CPU
		{0AB08127-CC6F-430C-8CBB-1D46D829C06E}.Release|Any CPU.ActiveCfg = Release|Any CPU
		{0AB08127-CC6F-430C-8CBB-1D46D829C06E}.Release|Any CPU.Build.0 = Release|Any CPU
		{F10CCBAA-F80F-4850-8918-D9DC7D02DC60}.Debug|Any CPU.ActiveCfg = Debug|Any CPU
		{F10CCBAA-F80F-4850-8918-D9DC7D02DC60}.Debug|Any CPU.Build.0 = Debug|Any CPU
		{F10CCBAA-F80F-4850-8918-D9DC7D02DC60}.Release|Any CPU.ActiveCfg = Release|Any CPU
		{F10CCBAA-F80F-4850-8918-D9DC7D02DC60}.Release|Any CPU.Build.0 = Release|Any CPU
	EndGlobalSection
	GlobalSection(SolutionProperties) = preSolution
		HideSolutionNode = FALSE
	EndGlobalSection
	GlobalSection(ExtensibilityGlobals) = postSolution
		SolutionGuid = {046578E7-650F-4D25-B2B9-B54199496F8E}
	EndGlobalSection
EndGlobal
